
Microsoft Visual Studio Solution File, Format Version 12.00
# Visual Studio 15
VisualStudioVersion = 15.0.27428.2037
MinimumVisualStudioVersion = 10.0.40219.1
Project("{FAE04EC0-301F-11D3-BF4B-00C04F79EFBC}") = "MMPPL", "MMPPL\MMPPL.csproj", "{2D57746B-B0D2-41A8-888C-2F59827AF528}"
EndProject
Global
	GlobalSection(SolutionConfigurationPlatforms) = preSolution
		CD_ROM|Any CPU = CD_ROM|Any CPU
		Debug|Any CPU = Debug|Any CPU
		DVD-5|Any CPU = DVD-5|Any CPU
		Release|Any CPU = Release|Any CPU
		SingleImage|Any CPU = SingleImage|Any CPU
	EndGlobalSection
	GlobalSection(ProjectConfigurationPlatforms) = postSolution
		{2D57746B-B0D2-41A8-888C-2F59827AF528}.CD_ROM|Any CPU.ActiveCfg = Release|Any CPU
		{2D57746B-B0D2-41A8-888C-2F59827AF528}.CD_ROM|Any CPU.Build.0 = Release|Any CPU
		{2D57746B-B0D2-41A8-888C-2F59827AF528}.Debug|Any CPU.ActiveCfg = Debug|Any CPU
		{2D57746B-B0D2-41A8-888C-2F59827AF528}.Debug|Any CPU.Build.0 = Debug|Any CPU
		{2D57746B-B0D2-41A8-888C-2F59827AF528}.DVD-5|Any CPU.ActiveCfg = Debug|Any CPU
		{2D57746B-B0D2-41A8-888C-2F59827AF528}.DVD-5|Any CPU.Build.0 = Debug|Any CPU
		{2D57746B-B0D2-41A8-888C-2F59827AF528}.Release|Any CPU.ActiveCfg = Release|Any CPU
		{2D57746B-B0D2-41A8-888C-2F59827AF528}.Release|Any CPU.Build.0 = Release|Any CPU
		{2D57746B-B0D2-41A8-888C-2F59827AF528}.SingleImage|Any CPU.ActiveCfg = Release|Any CPU
		{2D57746B-B0D2-41A8-888C-2F59827AF528}.SingleImage|Any CPU.Build.0 = Release|Any CPU
	EndGlobalSection
	GlobalSection(SolutionProperties) = preSolution
		HideSolutionNode = FALSE
	EndGlobalSection
	GlobalSection(ExtensibilityGlobals) = postSolution
		SolutionGuid = {8179DB4C-CE67-495A-86E2-7824285EF6B6}
	EndGlobalSection
	GlobalSection(TeamFoundationVersionControl) = preSolution
		SccNumberOfProjects = 2
		SccEnterpriseProvider = {4CA58AB2-18FA-4F8D-95D4-32DDF27D184C}
		SccTeamFoundationServer = https://honestattva.visualstudio.com/
		SccLocalPath0 = .
		SccProjectUniqueName1 = MMPPL\\MMPPL.csproj
		SccProjectName1 = MMPPL
		SccLocalPath1 = MMPPL
	EndGlobalSection
EndGlobal
